
Microsoft Visual Studio Solution File, Format Version 12.00
# Visual Studio Version 17
VisualStudioVersion = 17.0.32112.339
MinimumVisualStudioVersion = 10.0.40219.1
Project("{FAE04EC0-301F-11D3-BF4B-00C04F79EFBC}") = "Ventana", "Ventana.csproj", "{D4CC92AB-22E9-4020-88FD-82E605DFEF71}"
EndProject
Global
	GlobalSection(SolutionConfigurationPlatforms) = preSolution
		Debug|Any CPU = Debug|Any CPU
		Release|Any CPU = Release|Any CPU
	EndGlobalSection
	GlobalSection(ProjectConfigurationPlatforms) = postSolution
		{D4CC92AB-22E9-4020-88FD-82E605DFEF71}.Debug|Any CPU.ActiveCfg = Debug|Any CPU
		{D4CC92AB-22E9-4020-88FD-82E605DFEF71}.Debug|Any CPU.Build.0 = Debug|Any CPU
		{D4CC92AB-22E9-4020-88FD-82E605DFEF71}.Release|Any CPU.ActiveCfg = Release|Any CPU
		{D4CC92AB-22E9-4020-88FD-82E605DFEF71}.Release|Any CPU.Build.0 = Release|Any CPU
	EndGlobalSection
	GlobalSection(SolutionProperties) = preSolution
		HideSolutionNode = FALSE
	EndGlobalSection
	GlobalSection(ExtensibilityGlobals) = postSolution
		SolutionGuid = {1DECD22C-2588-41EF-9ECF-38F4F37E7BCC}
	EndGlobalSection
EndGlobal
